
Microsoft Visual Studio Solution File, Format Version 12.00
# Visual Studio Version 17
VisualStudioVersion = 17.1.32421.90
MinimumVisualStudioVersion = 10.0.40219.1
Project("{FAE04EC0-301F-11D3-BF4B-00C04F79EFBC}") = "EstudoVetorCsharp", "EstudoVetorCsharp\EstudoVetorCsharp.csproj", "{60E0648B-A393-4887-9B85-A2001676F011}"
EndProject
Global
	GlobalSection(SolutionConfigurationPlatforms) = preSolution
		Debug|Any CPU = Debug|Any CPU
		Release|Any CPU = Release|Any CPU
	EndGlobalSection
	GlobalSection(ProjectConfigurationPlatforms) = postSolution
		{60E0648B-A393-4887-9B85-A2001676F011}.Debug|Any CPU.ActiveCfg = Debug|Any CPU
		{60E0648B-A393-4887-9B85-A2001676F011}.Debug|Any CPU.Build.0 = Debug|Any CPU
		{60E0648B-A393-4887-9B85-A2001676F011}.Release|Any CPU.ActiveCfg = Release|Any CPU
		{60E0648B-A393-4887-9B85-A2001676F011}.Release|Any CPU.Build.0 = Release|Any CPU
	EndGlobalSection
	GlobalSection(SolutionProperties) = preSolution
		HideSolutionNode = FALSE
	EndGlobalSection
	GlobalSection(ExtensibilityGlobals) = postSolution
		SolutionGuid = {1A223252-DA41-4F50-9C07-E591458C575F}
	EndGlobalSection
EndGlobal
